
Microsoft Visual Studio Solution File, Format Version 12.00
# Visual Studio 15
VisualStudioVersion = 15.0.27130.2027
MinimumVisualStudioVersion = 10.0.40219.1
Project("{FAE04EC0-301F-11D3-BF4B-00C04F79EFBC}") = "Search.orkin.Landingpages", "Search.orkin.Landingpages\Search.orkin.Landingpages.csproj", "{8025C5BF-CB2C-4BDA-84DC-A9E3C57F0561}"
EndProject
Project("{FAE04EC0-301F-11D3-BF4B-00C04F79EFBC}") = "Search.orkin.Landingpages.Tests", "Search.orkin.Landingpages.Tests\Search.orkin.Landingpages.Tests.csproj", "{1FB766F6-E358-4589-BD83-D273E70539D6}"
EndProject
Global
	GlobalSection(SolutionConfigurationPlatforms) = preSolution
		Debug|Any CPU = Debug|Any CPU
		Release|Any CPU = Release|Any CPU
	EndGlobalSection
	GlobalSection(ProjectConfigurationPlatforms) = postSolution
		{8025C5BF-CB2C-4BDA-84DC-A9E3C57F0561}.Debug|Any CPU.ActiveCfg = Debug|Any CPU
		{8025C5BF-CB2C-4BDA-84DC-A9E3C57F0561}.Debug|Any CPU.Build.0 = Debug|Any CPU
		{8025C5BF-CB2C-4BDA-84DC-A9E3C57F0561}.Release|Any CPU.ActiveCfg = Release|Any CPU
		{8025C5BF-CB2C-4BDA-84DC-A9E3C57F0561}.Release|Any CPU.Build.0 = Release|Any CPU
		{1FB766F6-E358-4589-BD83-D273E70539D6}.Debug|Any CPU.ActiveCfg = Debug|Any CPU
		{1FB766F6-E358-4589-BD83-D273E70539D6}.Debug|Any CPU.Build.0 = Debug|Any CPU
		{1FB766F6-E358-4589-BD83-D273E70539D6}.Release|Any CPU.ActiveCfg = Release|Any CPU
		{1FB766F6-E358-4589-BD83-D273E70539D6}.Release|Any CPU.Build.0 = Release|Any CPU
	EndGlobalSection
	GlobalSection(SolutionProperties) = preSolution
		HideSolutionNode = FALSE
	EndGlobalSection
	GlobalSection(ExtensibilityGlobals) = postSolution
		SolutionGuid = {274C6035-5465-423F-9499-3757463D0E29}
	EndGlobalSection
EndGlobal
